
Microsoft Visual Studio Solution File, Format Version 12.00
Project("{FAE04EC0-301F-11D3-BF4B-00C04F79EFBC}") = "Sessionizing", "Sessionizing\Sessionizing.csproj", "{79610408-55FC-43A9-825D-ADAB4C6C1F52}"
EndProject
Project("{FAE04EC0-301F-11D3-BF4B-00C04F79EFBC}") = "SessionizingXUnitTests", "SessionizingXUnitTests\SessionizingXUnitTests.csproj", "{13B275CD-B612-4173-85A6-0CBF122E692A}"
EndProject
Global
	GlobalSection(SolutionConfigurationPlatforms) = preSolution
		Debug|Any CPU = Debug|Any CPU
		Release|Any CPU = Release|Any CPU
	EndGlobalSection
	GlobalSection(ProjectConfigurationPlatforms) = postSolution
		{79610408-55FC-43A9-825D-ADAB4C6C1F52}.Debug|Any CPU.ActiveCfg = Debug|Any CPU
		{79610408-55FC-43A9-825D-ADAB4C6C1F52}.Debug|Any CPU.Build.0 = Debug|Any CPU
		{79610408-55FC-43A9-825D-ADAB4C6C1F52}.Release|Any CPU.ActiveCfg = Release|Any CPU
		{79610408-55FC-43A9-825D-ADAB4C6C1F52}.Release|Any CPU.Build.0 = Release|Any CPU
		{13B275CD-B612-4173-85A6-0CBF122E692A}.Debug|Any CPU.ActiveCfg = Debug|Any CPU
		{13B275CD-B612-4173-85A6-0CBF122E692A}.Debug|Any CPU.Build.0 = Debug|Any CPU
		{13B275CD-B612-4173-85A6-0CBF122E692A}.Release|Any CPU.ActiveCfg = Release|Any CPU
		{13B275CD-B612-4173-85A6-0CBF122E692A}.Release|Any CPU.Build.0 = Release|Any CPU
	EndGlobalSection
EndGlobal
